
Microsoft Visual Studio Solution File, Format Version 12.00
# Visual Studio Version 17
VisualStudioVersion = 17.2.32630.192
MinimumVisualStudioVersion = 10.0.40219.1
Project("{9A19103F-16F7-4668-BE54-9A1E7A4F7556}") = "PrefixTree", "PrefixTree\PrefixTree.csproj", "{138F35AF-EEFB-46FD-9AEF-B7E1DF82506B}"
EndProject
Project("{FAE04EC0-301F-11D3-BF4B-00C04F79EFBC}") = "PrefixTree.Tests", "PrefixTree.Tests\PrefixTree.Tests.csproj", "{789CC658-D511-41D3-ADBD-88E6C3672C7E}"
EndProject
Global
	GlobalSection(SolutionConfigurationPlatforms) = preSolution
		Debug|Any CPU = Debug|Any CPU
		Release|Any CPU = Release|Any CPU
	EndGlobalSection
	GlobalSection(ProjectConfigurationPlatforms) = postSolution
		{138F35AF-EEFB-46FD-9AEF-B7E1DF82506B}.Debug|Any CPU.ActiveCfg = Debug|Any CPU
		{138F35AF-EEFB-46FD-9AEF-B7E1DF82506B}.Debug|Any CPU.Build.0 = Debug|Any CPU
		{138F35AF-EEFB-46FD-9AEF-B7E1DF82506B}.Release|Any CPU.ActiveCfg = Release|Any CPU
		{138F35AF-EEFB-46FD-9AEF-B7E1DF82506B}.Release|Any CPU.Build.0 = Release|Any CPU
		{789CC658-D511-41D3-ADBD-88E6C3672C7E}.Debug|Any CPU.ActiveCfg = Debug|Any CPU
		{789CC658-D511-41D3-ADBD-88E6C3672C7E}.Debug|Any CPU.Build.0 = Debug|Any CPU
		{789CC658-D511-41D3-ADBD-88E6C3672C7E}.Release|Any CPU.ActiveCfg = Release|Any CPU
		{789CC658-D511-41D3-ADBD-88E6C3672C7E}.Release|Any CPU.Build.0 = Release|Any CPU
	EndGlobalSection
	GlobalSection(SolutionProperties) = preSolution
		HideSolutionNode = FALSE
	EndGlobalSection
	GlobalSection(ExtensibilityGlobals) = postSolution
		SolutionGuid = {9FA2F2FB-00AE-46B3-B8BD-B2CDDA55DB74}
	EndGlobalSection
EndGlobal
